
Microsoft Visual Studio Solution File, Format Version 12.00
# Visual Studio Version 17
VisualStudioVersion = 17.5.33424.131
MinimumVisualStudioVersion = 10.0.40219.1
Project("{9A19103F-16F7-4668-BE54-9A1E7A4F7556}") = "MovieStore_Presentation", "MovieStore\MovieStore_Presentation.csproj", "{1B255898-31DC-4826-A80C-5AFF9AF88C4F}"
EndProject
Project("{9A19103F-16F7-4668-BE54-9A1E7A4F7556}") = "MovieStore_Domain", "MovieStore_Domain\MovieStore_Domain.csproj", "{A663E751-52FB-4FF1-8273-B68135484851}"
EndProject
Project("{9A19103F-16F7-4668-BE54-9A1E7A4F7556}") = "MovieStore_Infrastructure", "MoviesStore.Infrastructure\MovieStore_Infrastructure.csproj", "{66B51550-52C0-4514-90DF-B0AB9C2C8647}"
EndProject
Project("{9A19103F-16F7-4668-BE54-9A1E7A4F7556}") = "MovieStore_Application", "MovieStore_Application\MovieStore_Application.csproj", "{148A0EBA-780D-4A76-AC73-3C546E345285}"
EndProject
Global
	GlobalSection(SolutionConfigurationPlatforms) = preSolution
		Debug|Any CPU = Debug|Any CPU
		Release|Any CPU = Release|Any CPU
	EndGlobalSection
	GlobalSection(ProjectConfigurationPlatforms) = postSolution
		{1B255898-31DC-4826-A80C-5AFF9AF88C4F}.Debug|Any CPU.ActiveCfg = Debug|Any CPU
		{1B255898-31DC-4826-A80C-5AFF9AF88C4F}.Debug|Any CPU.Build.0 = Debug|Any CPU
		{1B255898-31DC-4826-A80C-5AFF9AF88C4F}.Release|Any CPU.ActiveCfg = Release|Any CPU
		{1B255898-31DC-4826-A80C-5AFF9AF88C4F}.Release|Any CPU.Build.0 = Release|Any CPU
		{A663E751-52FB-4FF1-8273-B68135484851}.Debug|Any CPU.ActiveCfg = Debug|Any CPU
		{A663E751-52FB-4FF1-8273-B68135484851}.Debug|Any CPU.Build.0 = Debug|Any CPU
		{A663E751-52FB-4FF1-8273-B68135484851}.Release|Any CPU.ActiveCfg = Release|Any CPU
		{A663E751-52FB-4FF1-8273-B68135484851}.Release|Any CPU.Build.0 = Release|Any CPU
		{66B51550-52C0-4514-90DF-B0AB9C2C8647}.Debug|Any CPU.ActiveCfg = Debug|Any CPU
		{66B51550-52C0-4514-90DF-B0AB9C2C8647}.Debug|Any CPU.Build.0 = Debug|Any CPU
		{66B51550-52C0-4514-90DF-B0AB9C2C8647}.Release|Any CPU.ActiveCfg = Release|Any CPU
		{66B51550-52C0-4514-90DF-B0AB9C2C8647}.Release|Any CPU.Build.0 = Release|Any CPU
		{148A0EBA-780D-4A76-AC73-3C546E345285}.Debug|Any CPU.ActiveCfg = Debug|Any CPU
		{148A0EBA-780D-4A76-AC73-3C546E345285}.Debug|Any CPU.Build.0 = Debug|Any CPU
		{148A0EBA-780D-4A76-AC73-3C546E345285}.Release|Any CPU.ActiveCfg = Release|Any CPU
		{148A0EBA-780D-4A76-AC73-3C546E345285}.Release|Any CPU.Build.0 = Release|Any CPU
	EndGlobalSection
	GlobalSection(SolutionProperties) = preSolution
		HideSolutionNode = FALSE
	EndGlobalSection
	GlobalSection(ExtensibilityGlobals) = postSolution
		SolutionGuid = {CAE2FC39-70D0-463B-80FF-CBF5DFED90A3}
	EndGlobalSection
EndGlobal
