
Microsoft Visual Studio Solution File, Format Version 12.00
# Visual Studio Version 17
VisualStudioVersion = 17.5.33424.131
MinimumVisualStudioVersion = 10.0.40219.1
Project("{FAE04EC0-301F-11D3-BF4B-00C04F79EFBC}") = "MovieStore", "MovieStore\MovieStore.csproj", "{1B255898-31DC-4826-A80C-5AFF9AF88C4F}"
EndProject
Global
	GlobalSection(SolutionConfigurationPlatforms) = preSolution
		Debug|Any CPU = Debug|Any CPU
		Release|Any CPU = Release|Any CPU
	EndGlobalSection
	GlobalSection(ProjectConfigurationPlatforms) = postSolution
		{1B255898-31DC-4826-A80C-5AFF9AF88C4F}.Debug|Any CPU.ActiveCfg = Debug|Any CPU
		{1B255898-31DC-4826-A80C-5AFF9AF88C4F}.Debug|Any CPU.Build.0 = Debug|Any CPU
		{1B255898-31DC-4826-A80C-5AFF9AF88C4F}.Release|Any CPU.ActiveCfg = Release|Any CPU
		{1B255898-31DC-4826-A80C-5AFF9AF88C4F}.Release|Any CPU.Build.0 = Release|Any CPU
	EndGlobalSection
	GlobalSection(SolutionProperties) = preSolution
		HideSolutionNode = FALSE
	EndGlobalSection
	GlobalSection(ExtensibilityGlobals) = postSolution
		SolutionGuid = {CAE2FC39-70D0-463B-80FF-CBF5DFED90A3}
	EndGlobalSection
EndGlobal
